// !$*UTF8*$!
{
	archiveVersion = 1;
	classes = {};
	objectVersion = 77;
	objects = {

/* Begin PBXBuildFile section */
		F00000000000000000000001 /* MarkdownEngine in Frameworks */ = {isa = PBXBuildFile; productRef = F00000000000000000000002 /* MarkdownEngine */; };
		F00000000000000000000004 /* MarkdownEngineLatex in Frameworks */ = {isa = PBXBuildFile; productRef = F00000000000000000000005 /* MarkdownEngineLatex */; };
		F00000000000000000000006 /* MarkdownEngineCodeBlocks in Frameworks */ = {isa = PBXBuildFile; productRef = F00000000000000000000007 /* MarkdownEngineCodeBlocks */; };
/* End PBXBuildFile section */

/* Begin PBXContainerItemProxy section */
		D00000000000000000000001 = {isa = PBXContainerItemProxy; containerPortal = A00000000000000000000001 /* Project object */; proxyType = 1; remoteGlobalIDString = B00000000000000000000001; remoteInfo = DarthScriptum; };
/* End PBXContainerItemProxy section */

/* Begin PBXFileReference section */
		A00000000000000000000003 /* DarthScriptum.app */ = {isa = PBXFileReference; explicitFileType = wrapper.application; includeInIndex = 0; path = DarthScriptum.app; sourceTree = BUILT_PRODUCTS_DIR; };
		A00000000000000000000004 /* DarthScriptumTests.xctest */ = {isa = PBXFileReference; explicitFileType = wrapper.cfbundle; includeInIndex = 0; path = DarthScriptumTests.xctest; sourceTree = BUILT_PRODUCTS_DIR; };
/* End PBXFileReference section */

/* Begin PBXFileSystemSynchronizedBuildFileExceptionSet section */
		C00000000000000000000004 = {isa = PBXFileSystemSynchronizedBuildFileExceptionSet; membershipExceptions = (app/AGENTS.md, app/CLAUDE.md, core/AGENTS.md, core/CLAUDE.md, document/AGENTS.md, document/CLAUDE.md, editor/AGENTS.md, editor/CLAUDE.md, info.plist, resources/AGENTS.md, resources/CLAUDE.md, workspace/AGENTS.md, workspace/CLAUDE.md,); target = B00000000000000000000001 /* DarthScriptum */; };
		C00000000000000000000005 = {isa = PBXFileSystemSynchronizedBuildFileExceptionSet; membershipExceptions = (AGENTS.md, CLAUDE.md,); target = B00000000000000000000002 /* DarthScriptumTests */; };
/* End PBXFileSystemSynchronizedBuildFileExceptionSet section */

/* Begin PBXFileSystemSynchronizedRootGroup section */
		C00000000000000000000001 /* src */ = {isa = PBXFileSystemSynchronizedRootGroup; exceptions = (C00000000000000000000004,); path = src; sourceTree = "<group>"; };
		C00000000000000000000002 /* tests */ = {isa = PBXFileSystemSynchronizedRootGroup; exceptions = (C00000000000000000000005,); path = tests; sourceTree = "<group>"; };
/* End PBXFileSystemSynchronizedRootGroup section */

/* Begin PBXFrameworksBuildPhase section */
		E00000000000000000000001 = {isa = PBXFrameworksBuildPhase; buildActionMask = 2147483647; files = (F00000000000000000000001 /* MarkdownEngine in Frameworks */, F00000000000000000000004 /* MarkdownEngineLatex in Frameworks */, F00000000000000000000006 /* MarkdownEngineCodeBlocks in Frameworks */,); runOnlyForDeploymentPostprocessing = 0; };
		E00000000000000000000004 = {isa = PBXFrameworksBuildPhase; buildActionMask = 2147483647; files = (); runOnlyForDeploymentPostprocessing = 0; };
/* End PBXFrameworksBuildPhase section */

/* Begin PBXGroup section */
		A00000000000000000000002 = {isa = PBXGroup; children = (C00000000000000000000001 /* src */, C00000000000000000000002 /* tests */, A00000000000000000000006 /* Products */,); sourceTree = "<group>"; };
		A00000000000000000000006 /* Products */ = {isa = PBXGroup; children = (A00000000000000000000003 /* DarthScriptum.app */, A00000000000000000000004 /* DarthScriptumTests.xctest */,); name = Products; sourceTree = "<group>"; };
/* End PBXGroup section */

/* Begin PBXNativeTarget section */
		B00000000000000000000001 /* DarthScriptum */ = {
			isa = PBXNativeTarget;
			buildConfigurationList = H00000000000000000000002;
			buildPhases = (E00000000000000000000002, E00000000000000000000001, E00000000000000000000003,);
			buildRules = ();
			dependencies = ();
			fileSystemSynchronizedGroups = (C00000000000000000000001 /* src */,);
			name = DarthScriptum;
			packageProductDependencies = (F00000000000000000000002 /* MarkdownEngine */, F00000000000000000000005 /* MarkdownEngineLatex */, F00000000000000000000007 /* MarkdownEngineCodeBlocks */,);
			productName = DarthScriptum;
			productReference = A00000000000000000000003 /* DarthScriptum.app */;
			productType = "com.apple.product-type.application";
		};
		B00000000000000000000002 /* DarthScriptumTests */ = {
			isa = PBXNativeTarget;
			buildConfigurationList = H00000000000000000000003;
			buildPhases = (E00000000000000000000005, E00000000000000000000004, E00000000000000000000006,);
			buildRules = ();
			dependencies = (D00000000000000000000003,);
			fileSystemSynchronizedGroups = (C00000000000000000000002 /* tests */,);
			name = DarthScriptumTests;
			productName = DarthScriptumTests;
			productReference = A00000000000000000000004 /* DarthScriptumTests.xctest */;
			productType = "com.apple.product-type.bundle.unit-test";
		};
/* End PBXNativeTarget section */

/* Begin PBXProject section */
		A00000000000000000000001 /* Project object */ = {
			isa = PBXProject;
			attributes = {
				BuildIndependentTargetsInParallel = 1;
				LastSwiftUpdateCheck = 2640;
				LastUpgradeCheck = 2640;
				TargetAttributes = {
					B00000000000000000000001 = {CreatedOnToolsVersion = 26.4;};
					B00000000000000000000002 = {CreatedOnToolsVersion = 26.4; TestTargetID = B00000000000000000000001;};
				};
			};
			buildConfigurationList = H00000000000000000000001;
			developmentRegion = en;
			hasScannedForEncodings = 0;
			knownRegions = (en, Base,);
			mainGroup = A00000000000000000000002;
			minimizedProjectReferenceProxies = 1;
			packageReferences = (F00000000000000000000003 /* swift-markdown-engine */,);
			preferredProjectObjectVersion = 77;
			productRefGroup = A00000000000000000000006 /* Products */;
			projectDirPath = "";
			projectRoot = "";
			targets = (B00000000000000000000001 /* DarthScriptum */, B00000000000000000000002 /* DarthScriptumTests */,);
		};
/* End PBXProject section */

/* Begin PBXResourcesBuildPhase section */
		E00000000000000000000003 = {isa = PBXResourcesBuildPhase; buildActionMask = 2147483647; files = (); runOnlyForDeploymentPostprocessing = 0; };
		E00000000000000000000006 = {isa = PBXResourcesBuildPhase; buildActionMask = 2147483647; files = (); runOnlyForDeploymentPostprocessing = 0; };
/* End PBXResourcesBuildPhase section */

/* Begin PBXSourcesBuildPhase section */
		E00000000000000000000002 = {isa = PBXSourcesBuildPhase; buildActionMask = 2147483647; files = (); runOnlyForDeploymentPostprocessing = 0; };
		E00000000000000000000005 = {isa = PBXSourcesBuildPhase; buildActionMask = 2147483647; files = (); runOnlyForDeploymentPostprocessing = 0; };
/* End PBXSourcesBuildPhase section */

/* Begin PBXTargetDependency section */
		D00000000000000000000003 = {isa = PBXTargetDependency; target = B00000000000000000000001 /* DarthScriptum */; targetProxy = D00000000000000000000001; };
/* End PBXTargetDependency section */

/* Begin XCBuildConfiguration section */
		G00000000000000000000001 /* Debug */ = {isa = XCBuildConfiguration; buildSettings = {CLANG_ENABLE_MODULES = YES; CLANG_ENABLE_OBJC_ARC = YES; DEBUG_INFORMATION_FORMAT = dwarf; ENABLE_TESTABILITY = YES; GCC_C_LANGUAGE_STANDARD = gnu17; GCC_OPTIMIZATION_LEVEL = 0; MACOSX_DEPLOYMENT_TARGET = 14.0; ONLY_ACTIVE_ARCH = YES; SDKROOT = macosx; SWIFT_ACTIVE_COMPILATION_CONDITIONS = DEBUG; SWIFT_OPTIMIZATION_LEVEL = "-Onone";}; name = Debug;};
		G00000000000000000000002 /* Release */ = {isa = XCBuildConfiguration; buildSettings = {CLANG_ENABLE_MODULES = YES; CLANG_ENABLE_OBJC_ARC = YES; DEBUG_INFORMATION_FORMAT = "dwarf-with-dsym"; ENABLE_NS_ASSERTIONS = NO; GCC_C_LANGUAGE_STANDARD = gnu17; MACOSX_DEPLOYMENT_TARGET = 14.0; SDKROOT = macosx; SWIFT_COMPILATION_MODE = wholemodule;}; name = Release;};
		G00000000000000000000003 /* Debug */ = {isa = XCBuildConfiguration; buildSettings = {ASSETCATALOG_COMPILER_APPICON_NAME = "app-icon"; CODE_SIGN_STYLE = Automatic; CURRENT_PROJECT_VERSION = 1; ENABLE_APP_SANDBOX = NO; ENABLE_HARDENED_RUNTIME = YES; GENERATE_INFOPLIST_FILE = NO; INFOPLIST_FILE = src/info.plist; LD_RUNPATH_SEARCH_PATHS = "$(inherited) @executable_path/../Frameworks"; MACOSX_DEPLOYMENT_TARGET = 14.0; MARKETING_VERSION = 0.1.0; PRODUCT_BUNDLE_IDENTIFIER = com.yishentu.DarthScriptum; PRODUCT_NAME = "$(TARGET_NAME)"; SWIFT_DEFAULT_ACTOR_ISOLATION = nonisolated; SWIFT_STRICT_CONCURRENCY = complete; SWIFT_TREAT_WARNINGS_AS_ERRORS = YES; SWIFT_VERSION = 6.0;}; name = Debug;};
		G00000000000000000000004 /* Release */ = {isa = XCBuildConfiguration; buildSettings = {ASSETCATALOG_COMPILER_APPICON_NAME = "app-icon"; CODE_SIGN_STYLE = Automatic; CURRENT_PROJECT_VERSION = 1; ENABLE_APP_SANDBOX = NO; ENABLE_HARDENED_RUNTIME = YES; GENERATE_INFOPLIST_FILE = NO; INFOPLIST_FILE = src/info.plist; LD_RUNPATH_SEARCH_PATHS = "$(inherited) @executable_path/../Frameworks"; MACOSX_DEPLOYMENT_TARGET = 14.0; MARKETING_VERSION = 0.1.0; PRODUCT_BUNDLE_IDENTIFIER = com.yishentu.DarthScriptum; PRODUCT_NAME = "$(TARGET_NAME)"; SWIFT_DEFAULT_ACTOR_ISOLATION = nonisolated; SWIFT_STRICT_CONCURRENCY = complete; SWIFT_TREAT_WARNINGS_AS_ERRORS = YES; SWIFT_VERSION = 6.0;}; name = Release;};
		G00000000000000000000005 /* Debug */ = {isa = XCBuildConfiguration; buildSettings = {BUNDLE_LOADER = "$(TEST_HOST)"; CODE_SIGN_STYLE = Automatic; GENERATE_INFOPLIST_FILE = YES; MACOSX_DEPLOYMENT_TARGET = 14.0; PRODUCT_BUNDLE_IDENTIFIER = com.yishentu.DarthScriptumTests; PRODUCT_NAME = "$(TARGET_NAME)"; SWIFT_STRICT_CONCURRENCY = complete; SWIFT_VERSION = 6.0; TEST_HOST = "$(BUILT_PRODUCTS_DIR)/DarthScriptum.app/Contents/MacOS/DarthScriptum";}; name = Debug;};
		G00000000000000000000006 /* Release */ = {isa = XCBuildConfiguration; buildSettings = {BUNDLE_LOADER = "$(TEST_HOST)"; CODE_SIGN_STYLE = Automatic; GENERATE_INFOPLIST_FILE = YES; MACOSX_DEPLOYMENT_TARGET = 14.0; PRODUCT_BUNDLE_IDENTIFIER = com.yishentu.DarthScriptumTests; PRODUCT_NAME = "$(TARGET_NAME)"; SWIFT_STRICT_CONCURRENCY = complete; SWIFT_VERSION = 6.0; TEST_HOST = "$(BUILT_PRODUCTS_DIR)/DarthScriptum.app/Contents/MacOS/DarthScriptum";}; name = Release;};
		G00000000000000000000007 /* Benchmark */ = {isa = XCBuildConfiguration; buildSettings = {CLANG_ENABLE_MODULES = YES; CLANG_ENABLE_OBJC_ARC = YES; DEBUG_INFORMATION_FORMAT = dwarf; ENABLE_TESTABILITY = YES; GCC_C_LANGUAGE_STANDARD = gnu17; MACOSX_DEPLOYMENT_TARGET = 14.0; ONLY_ACTIVE_ARCH = YES; SDKROOT = macosx; SWIFT_ACTIVE_COMPILATION_CONDITIONS = TESTING; SWIFT_COMPILATION_MODE = wholemodule; SWIFT_OPTIMIZATION_LEVEL = "-O";}; name = Benchmark;};
		G00000000000000000000008 /* Benchmark */ = {isa = XCBuildConfiguration; buildSettings = {ASSETCATALOG_COMPILER_APPICON_NAME = "app-icon"; CODE_SIGN_STYLE = Automatic; CURRENT_PROJECT_VERSION = 1; ENABLE_APP_SANDBOX = NO; ENABLE_HARDENED_RUNTIME = YES; GENERATE_INFOPLIST_FILE = NO; INFOPLIST_FILE = src/info.plist; LD_RUNPATH_SEARCH_PATHS = "$(inherited) @executable_path/../Frameworks"; MACOSX_DEPLOYMENT_TARGET = 14.0; MARKETING_VERSION = 0.1.0; PRODUCT_BUNDLE_IDENTIFIER = com.yishentu.DarthScriptum; PRODUCT_NAME = "$(TARGET_NAME)"; SWIFT_DEFAULT_ACTOR_ISOLATION = nonisolated; SWIFT_STRICT_CONCURRENCY = complete; SWIFT_TREAT_WARNINGS_AS_ERRORS = YES; SWIFT_VERSION = 6.0;}; name = Benchmark;};
		G00000000000000000000009 /* Benchmark */ = {isa = XCBuildConfiguration; buildSettings = {BUNDLE_LOADER = "$(TEST_HOST)"; CODE_SIGN_STYLE = Automatic; GENERATE_INFOPLIST_FILE = YES; MACOSX_DEPLOYMENT_TARGET = 14.0; PRODUCT_BUNDLE_IDENTIFIER = com.yishentu.DarthScriptumTests; PRODUCT_NAME = "$(TARGET_NAME)"; SWIFT_STRICT_CONCURRENCY = complete; SWIFT_VERSION = 6.0; TEST_HOST = "$(BUILT_PRODUCTS_DIR)/DarthScriptum.app/Contents/MacOS/DarthScriptum";}; name = Benchmark;};
/* End XCBuildConfiguration section */

/* Begin XCConfigurationList section */
		H00000000000000000000001 = {isa = XCConfigurationList; buildConfigurations = (G00000000000000000000001, G00000000000000000000002, G00000000000000000000007,); defaultConfigurationIsVisible = 0; defaultConfigurationName = Release;};
		H00000000000000000000002 = {isa = XCConfigurationList; buildConfigurations = (G00000000000000000000003, G00000000000000000000004, G00000000000000000000008,); defaultConfigurationIsVisible = 0; defaultConfigurationName = Release;};
		H00000000000000000000003 = {isa = XCConfigurationList; buildConfigurations = (G00000000000000000000005, G00000000000000000000006, G00000000000000000000009,); defaultConfigurationIsVisible = 0; defaultConfigurationName = Release;};
/* End XCConfigurationList section */

/* Begin XCRemoteSwiftPackageReference section */
		F00000000000000000000003 /* swift-markdown-engine */ = {isa = XCRemoteSwiftPackageReference; repositoryURL = "https://github.com/nodes-app/swift-markdown-engine.git"; requirement = {kind = exactVersion; version = 0.11.0;};};
/* End XCRemoteSwiftPackageReference section */

/* Begin XCSwiftPackageProductDependency section */
		F00000000000000000000002 /* MarkdownEngine */ = {isa = XCSwiftPackageProductDependency; package = F00000000000000000000003 /* swift-markdown-engine */; productName = MarkdownEngine;};
		F00000000000000000000005 /* MarkdownEngineLatex */ = {isa = XCSwiftPackageProductDependency; package = F00000000000000000000003 /* swift-markdown-engine */; productName = MarkdownEngineLatex;};
		F00000000000000000000007 /* MarkdownEngineCodeBlocks */ = {isa = XCSwiftPackageProductDependency; package = F00000000000000000000003 /* swift-markdown-engine */; productName = MarkdownEngineCodeBlocks;};
/* End XCSwiftPackageProductDependency section */
	};
	rootObject = A00000000000000000000001 /* Project object */;
}
